
Microsoft Visual Studio Solution File, Format Version 12.00
Project("{FAE04EC0-301F-11D3-BF4B-00C04F79EFBC}") = "WebApp", "WebApp\WebApp.csproj", "{A743A8E9-A9BC-409E-9DBB-349A29E7C292}"
EndProject
Project("{FAE04EC0-301F-11D3-BF4B-00C04F79EFBC}") = "DAL.App.EF", "DAL.App.EF\DAL.App.EF.csproj", "{C1AD8F4B-D491-4BDA-9244-5B0872D9EFAB}"
EndProject
Project("{2150E333-8FDC-42A3-9474-1A3956D46DE8}") = "Solution Items", "Solution Items", "{1B3349E1-D747-48B7-8B7B-2BC4567E1BF6}"
ProjectSection(SolutionItems) = preProject
	Directory.Build.props = Directory.Build.props
	README.md = README.md
EndProjectSection
EndProject
Project("{FAE04EC0-301F-11D3-BF4B-00C04F79EFBC}") = "Applications.DAL.App", "Applications.DAL.App\Applications.DAL.App.csproj", "{79DF36A9-D0AA-4EF7-ADC5-9C68F396BDB6}"
EndProject
Project("{FAE04EC0-301F-11D3-BF4B-00C04F79EFBC}") = "Domain.App", "Domain.App\Domain.App.csproj", "{F28EAC52-355D-443A-A11C-777F56100D08}"
EndProject
Project("{FAE04EC0-301F-11D3-BF4B-00C04F79EFBC}") = "Applications.DAL.Base", "Applications.DAL.Base\Applications.DAL.Base.csproj", "{2EC91490-04AF-4D48-85E2-8072410871E7}"
EndProject
Project("{FAE04EC0-301F-11D3-BF4B-00C04F79EFBC}") = "Applications.Domain.Base", "Applications.Domain.Base\Applications.Domain.Base.csproj", "{25217A74-9979-491E-BE9C-396F53386E07}"
EndProject
Project("{FAE04EC0-301F-11D3-BF4B-00C04F79EFBC}") = "Domain.Base", "Domain.Base\Domain.Base.csproj", "{91C25316-1DB3-4FBE-98E1-64263FADC658}"
EndProject
Project("{FAE04EC0-301F-11D3-BF4B-00C04F79EFBC}") = "DAL.Base.EF", "DAL.Base.EF\DAL.Base.EF.csproj", "{9266ACAD-A017-4870-9A5B-7C2B9136FA5D}"
EndProject
Project("{2150E333-8FDC-42A3-9474-1A3956D46DE8}") = "App", "App", "{E8DA65DC-F638-4A7F-9497-864819F2804B}"
EndProject
Project("{2150E333-8FDC-42A3-9474-1A3956D46DE8}") = "Base", "Base", "{349E958C-895C-45D6-A42E-88E0C61BBD11}"
EndProject
Project("{FAE04EC0-301F-11D3-BF4B-00C04F79EFBC}") = "DAL.Base", "DAL.Base\DAL.Base.csproj", "{E81269E3-6F41-4A6A-A490-1B64BEF92790}"
EndProject
Project("{FAE04EC0-301F-11D3-BF4B-00C04F79EFBC}") = "Extensions.Base", "Extensions.Base\Extensions.Base.csproj", "{0BE595D3-0B0A-4E21-8ADD-7AECBEA56289}"
EndProject
Project("{FAE04EC0-301F-11D3-BF4B-00C04F79EFBC}") = "Applications.BLL.Base", "Applications.BLL.Base\Applications.BLL.Base.csproj", "{74AA8DB6-EF1C-41D5-AFF0-354CA93307BA}"
EndProject
Project("{FAE04EC0-301F-11D3-BF4B-00C04F79EFBC}") = "BLL.Base", "BLL.Base\BLL.Base.csproj", "{096E76BD-A9C4-40A2-B2DB-E389B0384677}"
EndProject
Project("{FAE04EC0-301F-11D3-BF4B-00C04F79EFBC}") = "Applications.BLL.App", "Applications.BLL.App\Applications.BLL.App.csproj", "{2B8C35BA-6F25-4513-88C8-C37236504766}"
EndProject
Project("{FAE04EC0-301F-11D3-BF4B-00C04F79EFBC}") = "BLL.App", "BLL.App\BLL.App.csproj", "{464EAB57-4F9B-4D68-A5D2-D2AF2673C1C4}"
EndProject
Project("{FAE04EC0-301F-11D3-BF4B-00C04F79EFBC}") = "DAL.App.DTO", "DAL.App.DTO\DAL.App.DTO.csproj", "{AE419581-7238-4610-B6BF-0DC522F2EA46}"
EndProject
Project("{FAE04EC0-301F-11D3-BF4B-00C04F79EFBC}") = "BLL.App.DTO", "BLL.App.DTO\BLL.App.DTO.csproj", "{B862B6C2-E110-4AF4-97FA-6C03C701A4BD}"
EndProject
Project("{FAE04EC0-301F-11D3-BF4B-00C04F79EFBC}") = "PublicApi.DTO.v1", "PublicApi.DTO.v1\PublicApi.DTO.v1.csproj", "{2EDFE40F-C545-4410-B49D-DBF21AA34630}"
EndProject
Project("{FAE04EC0-301F-11D3-BF4B-00C04F79EFBC}") = "BLL.LHVService", "BLL.LHVService\BLL.LHVService.csproj", "{77AD1F05-D5F4-4757-A38A-4AFF2B292AE4}"
EndProject
Project("{FAE04EC0-301F-11D3-BF4B-00C04F79EFBC}") = "Resources", "Resources\Resources.csproj", "{00D0C470-FB04-4D09-B03F-98068A140889}"
EndProject
Project("{FAE04EC0-301F-11D3-BF4B-00C04F79EFBC}") = "Resources.Base", "Resources.Base\Resources.Base.csproj", "{144D0B8A-2F75-43C3-BC87-DD2478073499}"
EndProject
Global
	GlobalSection(SolutionConfigurationPlatforms) = preSolution
		Debug|Any CPU = Debug|Any CPU
		Release|Any CPU = Release|Any CPU
	EndGlobalSection
	GlobalSection(ProjectConfigurationPlatforms) = postSolution
		{A743A8E9-A9BC-409E-9DBB-349A29E7C292}.Debug|Any CPU.ActiveCfg = Debug|Any CPU
		{A743A8E9-A9BC-409E-9DBB-349A29E7C292}.Debug|Any CPU.Build.0 = Debug|Any CPU
		{A743A8E9-A9BC-409E-9DBB-349A29E7C292}.Release|Any CPU.ActiveCfg = Release|Any CPU
		{A743A8E9-A9BC-409E-9DBB-349A29E7C292}.Release|Any CPU.Build.0 = Release|Any CPU
		{C1AD8F4B-D491-4BDA-9244-5B0872D9EFAB}.Debug|Any CPU.ActiveCfg = Debug|Any CPU
		{C1AD8F4B-D491-4BDA-9244-5B0872D9EFAB}.Debug|Any CPU.Build.0 = Debug|Any CPU
		{C1AD8F4B-D491-4BDA-9244-5B0872D9EFAB}.Release|Any CPU.ActiveCfg = Release|Any CPU
		{C1AD8F4B-D491-4BDA-9244-5B0872D9EFAB}.Release|Any CPU.Build.0 = Release|Any CPU
		{79DF36A9-D0AA-4EF7-ADC5-9C68F396BDB6}.Debug|Any CPU.ActiveCfg = Debug|Any CPU
		{79DF36A9-D0AA-4EF7-ADC5-9C68F396BDB6}.Debug|Any CPU.Build.0 = Debug|Any CPU
		{79DF36A9-D0AA-4EF7-ADC5-9C68F396BDB6}.Release|Any CPU.ActiveCfg = Release|Any CPU
		{79DF36A9-D0AA-4EF7-ADC5-9C68F396BDB6}.Release|Any CPU.Build.0 = Release|Any CPU
		{F28EAC52-355D-443A-A11C-777F56100D08}.Debug|Any CPU.ActiveCfg = Debug|Any CPU
		{F28EAC52-355D-443A-A11C-777F56100D08}.Debug|Any CPU.Build.0 = Debug|Any CPU
		{F28EAC52-355D-443A-A11C-777F56100D08}.Release|Any CPU.ActiveCfg = Release|Any CPU
		{F28EAC52-355D-443A-A11C-777F56100D08}.Release|Any CPU.Build.0 = Release|Any CPU
		{2EC91490-04AF-4D48-85E2-8072410871E7}.Debug|Any CPU.ActiveCfg = Debug|Any CPU
		{2EC91490-04AF-4D48-85E2-8072410871E7}.Debug|Any CPU.Build.0 = Debug|Any CPU
		{2EC91490-04AF-4D48-85E2-8072410871E7}.Release|Any CPU.ActiveCfg = Release|Any CPU
		{2EC91490-04AF-4D48-85E2-8072410871E7}.Release|Any CPU.Build.0 = Release|Any CPU
		{25217A74-9979-491E-BE9C-396F53386E07}.Debug|Any CPU.ActiveCfg = Debug|Any CPU
		{25217A74-9979-491E-BE9C-396F53386E07}.Debug|Any CPU.Build.0 = Debug|Any CPU
		{25217A74-9979-491E-BE9C-396F53386E07}.Release|Any CPU.ActiveCfg = Release|Any CPU
		{25217A74-9979-491E-BE9C-396F53386E07}.Release|Any CPU.Build.0 = Release|Any CPU
		{91C25316-1DB3-4FBE-98E1-64263FADC658}.Debug|Any CPU.ActiveCfg = Debug|Any CPU
		{91C25316-1DB3-4FBE-98E1-64263FADC658}.Debug|Any CPU.Build.0 = Debug|Any CPU
		{91C25316-1DB3-4FBE-98E1-64263FADC658}.Release|Any CPU.ActiveCfg = Release|Any CPU
		{91C25316-1DB3-4FBE-98E1-64263FADC658}.Release|Any CPU.Build.0 = Release|Any CPU
		{9266ACAD-A017-4870-9A5B-7C2B9136FA5D}.Debug|Any CPU.ActiveCfg = Debug|Any CPU
		{9266ACAD-A017-4870-9A5B-7C2B9136FA5D}.Debug|Any CPU.Build.0 = Debug|Any CPU
		{9266ACAD-A017-4870-9A5B-7C2B9136FA5D}.Release|Any CPU.ActiveCfg = Release|Any CPU
		{9266ACAD-A017-4870-9A5B-7C2B9136FA5D}.Release|Any CPU.Build.0 = Release|Any CPU
		{E81269E3-6F41-4A6A-A490-1B64BEF92790}.Debug|Any CPU.ActiveCfg = Debug|Any CPU
		{E81269E3-6F41-4A6A-A490-1B64BEF92790}.Debug|Any CPU.Build.0 = Debug|Any CPU
		{E81269E3-6F41-4A6A-A490-1B64BEF92790}.Release|Any CPU.ActiveCfg = Release|Any CPU
		{E81269E3-6F41-4A6A-A490-1B64BEF92790}.Release|Any CPU.Build.0 = Release|Any CPU
		{0BE595D3-0B0A-4E21-8ADD-7AECBEA56289}.Debug|Any CPU.ActiveCfg = Debug|Any CPU
		{0BE595D3-0B0A-4E21-8ADD-7AECBEA56289}.Debug|Any CPU.Build.0 = Debug|Any CPU
		{0BE595D3-0B0A-4E21-8ADD-7AECBEA56289}.Release|Any CPU.ActiveCfg = Release|Any CPU
		{0BE595D3-0B0A-4E21-8ADD-7AECBEA56289}.Release|Any CPU.Build.0 = Release|Any CPU
		{74AA8DB6-EF1C-41D5-AFF0-354CA93307BA}.Debug|Any CPU.ActiveCfg = Debug|Any CPU
		{74AA8DB6-EF1C-41D5-AFF0-354CA93307BA}.Debug|Any CPU.Build.0 = Debug|Any CPU
		{74AA8DB6-EF1C-41D5-AFF0-354CA93307BA}.Release|Any CPU.ActiveCfg = Release|Any CPU
		{74AA8DB6-EF1C-41D5-AFF0-354CA93307BA}.Release|Any CPU.Build.0 = Release|Any CPU
		{096E76BD-A9C4-40A2-B2DB-E389B0384677}.Debug|Any CPU.ActiveCfg = Debug|Any CPU
		{096E76BD-A9C4-40A2-B2DB-E389B0384677}.Debug|Any CPU.Build.0 = Debug|Any CPU
		{096E76BD-A9C4-40A2-B2DB-E389B0384677}.Release|Any CPU.ActiveCfg = Release|Any CPU
		{096E76BD-A9C4-40A2-B2DB-E389B0384677}.Release|Any CPU.Build.0 = Release|Any CPU
		{2B8C35BA-6F25-4513-88C8-C37236504766}.Debug|Any CPU.ActiveCfg = Debug|Any CPU
		{2B8C35BA-6F25-4513-88C8-C37236504766}.Debug|Any CPU.Build.0 = Debug|Any CPU
		{2B8C35BA-6F25-4513-88C8-C37236504766}.Release|Any CPU.ActiveCfg = Release|Any CPU
		{2B8C35BA-6F25-4513-88C8-C37236504766}.Release|Any CPU.Build.0 = Release|Any CPU
		{464EAB57-4F9B-4D68-A5D2-D2AF2673C1C4}.Debug|Any CPU.ActiveCfg = Debug|Any CPU
		{464EAB57-4F9B-4D68-A5D2-D2AF2673C1C4}.Debug|Any CPU.Build.0 = Debug|Any CPU
		{464EAB57-4F9B-4D68-A5D2-D2AF2673C1C4}.Release|Any CPU.ActiveCfg = Release|Any CPU
		{464EAB57-4F9B-4D68-A5D2-D2AF2673C1C4}.Release|Any CPU.Build.0 = Release|Any CPU
		{AE419581-7238-4610-B6BF-0DC522F2EA46}.Debug|Any CPU.ActiveCfg = Debug|Any CPU
		{AE419581-7238-4610-B6BF-0DC522F2EA46}.Debug|Any CPU.Build.0 = Debug|Any CPU
		{AE419581-7238-4610-B6BF-0DC522F2EA46}.Release|Any CPU.ActiveCfg = Release|Any CPU
		{AE419581-7238-4610-B6BF-0DC522F2EA46}.Release|Any CPU.Build.0 = Release|Any CPU
		{B862B6C2-E110-4AF4-97FA-6C03C701A4BD}.Debug|Any CPU.ActiveCfg = Debug|Any CPU
		{B862B6C2-E110-4AF4-97FA-6C03C701A4BD}.Debug|Any CPU.Build.0 = Debug|Any CPU
		{B862B6C2-E110-4AF4-97FA-6C03C701A4BD}.Release|Any CPU.ActiveCfg = Release|Any CPU
		{B862B6C2-E110-4AF4-97FA-6C03C701A4BD}.Release|Any CPU.Build.0 = Release|Any CPU
		{2EDFE40F-C545-4410-B49D-DBF21AA34630}.Debug|Any CPU.ActiveCfg = Debug|Any CPU
		{2EDFE40F-C545-4410-B49D-DBF21AA34630}.Debug|Any CPU.Build.0 = Debug|Any CPU
		{2EDFE40F-C545-4410-B49D-DBF21AA34630}.Release|Any CPU.ActiveCfg = Release|Any CPU
		{2EDFE40F-C545-4410-B49D-DBF21AA34630}.Release|Any CPU.Build.0 = Release|Any CPU
		{77AD1F05-D5F4-4757-A38A-4AFF2B292AE4}.Debug|Any CPU.ActiveCfg = Debug|Any CPU
		{77AD1F05-D5F4-4757-A38A-4AFF2B292AE4}.Debug|Any CPU.Build.0 = Debug|Any CPU
		{77AD1F05-D5F4-4757-A38A-4AFF2B292AE4}.Release|Any CPU.ActiveCfg = Release|Any CPU
		{77AD1F05-D5F4-4757-A38A-4AFF2B292AE4}.Release|Any CPU.Build.0 = Release|Any CPU
		{00D0C470-FB04-4D09-B03F-98068A140889}.Debug|Any CPU.ActiveCfg = Debug|Any CPU
		{00D0C470-FB04-4D09-B03F-98068A140889}.Debug|Any CPU.Build.0 = Debug|Any CPU
		{00D0C470-FB04-4D09-B03F-98068A140889}.Release|Any CPU.ActiveCfg = Release|Any CPU
		{00D0C470-FB04-4D09-B03F-98068A140889}.Release|Any CPU.Build.0 = Release|Any CPU
		{144D0B8A-2F75-43C3-BC87-DD2478073499}.Debug|Any CPU.ActiveCfg = Debug|Any CPU
		{144D0B8A-2F75-43C3-BC87-DD2478073499}.Debug|Any CPU.Build.0 = Debug|Any CPU
		{144D0B8A-2F75-43C3-BC87-DD2478073499}.Release|Any CPU.ActiveCfg = Release|Any CPU
		{144D0B8A-2F75-43C3-BC87-DD2478073499}.Release|Any CPU.Build.0 = Release|Any CPU
	EndGlobalSection
	GlobalSection(NestedProjects) = preSolution
		{C1AD8F4B-D491-4BDA-9244-5B0872D9EFAB} = {E8DA65DC-F638-4A7F-9497-864819F2804B}
		{F28EAC52-355D-443A-A11C-777F56100D08} = {E8DA65DC-F638-4A7F-9497-864819F2804B}
		{A743A8E9-A9BC-409E-9DBB-349A29E7C292} = {E8DA65DC-F638-4A7F-9497-864819F2804B}
		{2EC91490-04AF-4D48-85E2-8072410871E7} = {349E958C-895C-45D6-A42E-88E0C61BBD11}
		{25217A74-9979-491E-BE9C-396F53386E07} = {349E958C-895C-45D6-A42E-88E0C61BBD11}
		{9266ACAD-A017-4870-9A5B-7C2B9136FA5D} = {349E958C-895C-45D6-A42E-88E0C61BBD11}
		{91C25316-1DB3-4FBE-98E1-64263FADC658} = {349E958C-895C-45D6-A42E-88E0C61BBD11}
		{79DF36A9-D0AA-4EF7-ADC5-9C68F396BDB6} = {E8DA65DC-F638-4A7F-9497-864819F2804B}
		{E81269E3-6F41-4A6A-A490-1B64BEF92790} = {349E958C-895C-45D6-A42E-88E0C61BBD11}
		{0BE595D3-0B0A-4E21-8ADD-7AECBEA56289} = {349E958C-895C-45D6-A42E-88E0C61BBD11}
		{74AA8DB6-EF1C-41D5-AFF0-354CA93307BA} = {349E958C-895C-45D6-A42E-88E0C61BBD11}
		{096E76BD-A9C4-40A2-B2DB-E389B0384677} = {349E958C-895C-45D6-A42E-88E0C61BBD11}
		{2B8C35BA-6F25-4513-88C8-C37236504766} = {E8DA65DC-F638-4A7F-9497-864819F2804B}
		{464EAB57-4F9B-4D68-A5D2-D2AF2673C1C4} = {E8DA65DC-F638-4A7F-9497-864819F2804B}
		{AE419581-7238-4610-B6BF-0DC522F2EA46} = {E8DA65DC-F638-4A7F-9497-864819F2804B}
		{B862B6C2-E110-4AF4-97FA-6C03C701A4BD} = {E8DA65DC-F638-4A7F-9497-864819F2804B}
		{2EDFE40F-C545-4410-B49D-DBF21AA34630} = {E8DA65DC-F638-4A7F-9497-864819F2804B}
		{77AD1F05-D5F4-4757-A38A-4AFF2B292AE4} = {E8DA65DC-F638-4A7F-9497-864819F2804B}
		{00D0C470-FB04-4D09-B03F-98068A140889} = {E8DA65DC-F638-4A7F-9497-864819F2804B}
		{144D0B8A-2F75-43C3-BC87-DD2478073499} = {349E958C-895C-45D6-A42E-88E0C61BBD11}
	EndGlobalSection
EndGlobal
